
Microsoft Visual Studio Solution File, Format Version 12.00
# Visual Studio 2013
VisualStudioVersion = 12.0.30723.0
MinimumVisualStudioVersion = 10.0.40219.1
Project("{FAE04EC0-301F-11D3-BF4B-00C04F79EFBC}") = "AspNet.Identity.Dapper", "AspNet.Identity.Dapper\AspNet.Identity.Dapper.csproj", "{37ECC44B-C00C-4781-ACA5-7F02C1A092E7}"
EndProject
Project("{00D1A9C2-B5F0-4AF3-8072-F6C62B433612}") = "Database.Member", "Database.Member\Database.Member.sqlproj", "{5E7A0C5B-8AD3-41A4-A797-F4E574972E5F}"
EndProject
Project("{FAE04EC0-301F-11D3-BF4B-00C04F79EFBC}") = "Web", "Web\Web.csproj", "{9FD62280-F7C6-48BA-BA10-A0D6765E39CB}"
EndProject
Global
	GlobalSection(SolutionConfigurationPlatforms) = preSolution
		Debug|Any CPU = Debug|Any CPU
		Release|Any CPU = Release|Any CPU
	EndGlobalSection
	GlobalSection(ProjectConfigurationPlatforms) = postSolution
		{37ECC44B-C00C-4781-ACA5-7F02C1A092E7}.Debug|Any CPU.ActiveCfg = Debug|Any CPU
		{37ECC44B-C00C-4781-ACA5-7F02C1A092E7}.Debug|Any CPU.Build.0 = Debug|Any CPU
		{37ECC44B-C00C-4781-ACA5-7F02C1A092E7}.Release|Any CPU.ActiveCfg = Release|Any CPU
		{37ECC44B-C00C-4781-ACA5-7F02C1A092E7}.Release|Any CPU.Build.0 = Release|Any CPU
		{5E7A0C5B-8AD3-41A4-A797-F4E574972E5F}.Debug|Any CPU.ActiveCfg = Debug|Any CPU
		{5E7A0C5B-8AD3-41A4-A797-F4E574972E5F}.Debug|Any CPU.Build.0 = Debug|Any CPU
		{5E7A0C5B-8AD3-41A4-A797-F4E574972E5F}.Debug|Any CPU.Deploy.0 = Debug|Any CPU
		{5E7A0C5B-8AD3-41A4-A797-F4E574972E5F}.Release|Any CPU.ActiveCfg = Release|Any CPU
		{5E7A0C5B-8AD3-41A4-A797-F4E574972E5F}.Release|Any CPU.Build.0 = Release|Any CPU
		{5E7A0C5B-8AD3-41A4-A797-F4E574972E5F}.Release|Any CPU.Deploy.0 = Release|Any CPU
		{9FD62280-F7C6-48BA-BA10-A0D6765E39CB}.Debug|Any CPU.ActiveCfg = Debug|Any CPU
		{9FD62280-F7C6-48BA-BA10-A0D6765E39CB}.Debug|Any CPU.Build.0 = Debug|Any CPU
		{9FD62280-F7C6-48BA-BA10-A0D6765E39CB}.Release|Any CPU.ActiveCfg = Release|Any CPU
		{9FD62280-F7C6-48BA-BA10-A0D6765E39CB}.Release|Any CPU.Build.0 = Release|Any CPU
	EndGlobalSection
	GlobalSection(SolutionProperties) = preSolution
		HideSolutionNode = FALSE
	EndGlobalSection
EndGlobal
